{
  "originHash" : "b25fe1c60b89c178c856de8acbf1bb32a439627d19e021031738f95dde404ee2",
  "pins" : [
    {
      "identity" : "cloudversion",
      "kind" : "remoteSourceControl",
      "location" : "https://github.com/ios-tooling/CloudVersion",
      "state" : {
        "revision" : "5967d23e441f04b8cd7a1e11ca075812a6228226",
        "version" : "0.1.0"
      }
    },
    {
      "identity" : "sharedsettings",
      "kind" : "remoteSourceControl",
      "location" : "https://github.com/ios-tooling/SharedSettings",
      "state" : {
        "revision" : "9c0369eae628babd2910fc2aceb2b40250f4e023",
        "version" : "1.0.8"
      }
    },
    {
      "identity" : "suite",
      "kind" : "remoteSourceControl",
      "location" : "https://github.com/ios-tooling/Suite",
      "state" : {
        "revision" : "6b6b8e7f2c7b43f2d9169f9314b8c1c9f794020b",
        "version" : "1.3.17"
      }
    },
    {
      "identity" : "swift-syntax",
      "kind" : "remoteSourceControl",
      "location" : "https://github.com/swiftlang/swift-syntax",
      "state" : {
        "revision" : "2b59c0c741e9184ab057fd22950b491076d42e91",
        "version" : "603.0.0"
      }
    }
  ],
  "version" : 3
}
