{
  "originHash" : "00fbffef9fb2f70ea66e9e611fa33b3187b30277569afd995e6deb4cf9a26dda",
  "pins" : [
    {
      "identity" : "cloudversion",
      "kind" : "remoteSourceControl",
      "location" : "https://github.com/ios-tooling/CloudVersion",
      "state" : {
        "revision" : "5967d23e441f04b8cd7a1e11ca075812a6228226",
        "version" : "0.1.0"
      }
    },
    {
      "identity" : "suite",
      "kind" : "remoteSourceControl",
      "location" : "https://github.com/ios-tooling/Suite",
      "state" : {
        "revision" : "6b6b8e7f2c7b43f2d9169f9314b8c1c9f794020b",
        "version" : "1.3.17"
      }
    },
    {
      "identity" : "swift-syntax",
      "kind" : "remoteSourceControl",
      "location" : "https://github.com/swiftlang/swift-syntax",
      "state" : {
        "revision" : "2b59c0c741e9184ab057fd22950b491076d42e91",
        "version" : "603.0.0"
      }
    }
  ],
  "version" : 3
}
